
Microsoft Visual Studio Solution File, Format Version 12.00
# Visual Studio 2013
VisualStudioVersion = 12.0.30723.0
MinimumVisualStudioVersion = 10.0.40219.1
Project("{FAE04EC0-301F-11D3-BF4B-00C04F79EFBC}") = "SDAS", "SDAS\SDAS.csproj", "{606B26BF-BFFC-47A7-B3D4-96FCB1E8258D}"
EndProject
Project("{FAE04EC0-301F-11D3-BF4B-00C04F79EFBC}") = "SDAS_DataAdapter", "SDAS_DataAdapter\SDAS_DataAdapter.csproj", "{38DF87F9-ACF0-4834-BA0C-9125FDFB54DD}"
EndProject
Global
	GlobalSection(SolutionConfigurationPlatforms) = preSolution
		Debug|Any CPU = Debug|Any CPU
		Release|Any CPU = Release|Any CPU
	EndGlobalSection
	GlobalSection(ProjectConfigurationPlatforms) = postSolution
		{606B26BF-BFFC-47A7-B3D4-96FCB1E8258D}.Debug|Any CPU.ActiveCfg = Debug|Any CPU
		{606B26BF-BFFC-47A7-B3D4-96FCB1E8258D}.Debug|Any CPU.Build.0 = Debug|Any CPU
		{606B26BF-BFFC-47A7-B3D4-96FCB1E8258D}.Release|Any CPU.ActiveCfg = Release|Any CPU
		{606B26BF-BFFC-47A7-B3D4-96FCB1E8258D}.Release|Any CPU.Build.0 = Release|Any CPU
		{38DF87F9-ACF0-4834-BA0C-9125FDFB54DD}.Debug|Any CPU.ActiveCfg = Debug|Any CPU
		{38DF87F9-ACF0-4834-BA0C-9125FDFB54DD}.Debug|Any CPU.Build.0 = Debug|Any CPU
		{38DF87F9-ACF0-4834-BA0C-9125FDFB54DD}.Release|Any CPU.ActiveCfg = Release|Any CPU
		{38DF87F9-ACF0-4834-BA0C-9125FDFB54DD}.Release|Any CPU.Build.0 = Release|Any CPU
	EndGlobalSection
	GlobalSection(SolutionProperties) = preSolution
		HideSolutionNode = FALSE
	EndGlobalSection
EndGlobal
